
Microsoft Visual Studio Solution File, Format Version 12.00
#
Project("{2150E333-8FDC-42A3-9474-1A3956D46DE8}") = "Solution Items", "Solution Items", "{95D89121-FB58-4C39-B7B3-FE40426DD918}"
	ProjectSection(SolutionItems) = preProject
		compose.yaml = compose.yaml
		task.md = task.md
		CLAUDE.md = CLAUDE.md
		project.md = project.md
		README.md = README.md
	EndProjectSection
EndProject
Project("{2150E333-8FDC-42A3-9474-1A3956D46DE8}") = "Src", "Src", "{2B6C1FB1-6D95-403B-B011-AC66AE36C49C}"
EndProject
Project("{2150E333-8FDC-42A3-9474-1A3956D46DE8}") = "Shared", "Shared", "{5E8F9D2A-1C64-40F1-BA80-FCF5D8232F53}"
EndProject
Project("{FAE04EC0-301F-11D3-BF4B-00C04F79EFBC}") = "Shared.CrossCutting", "Shared.CrossCutting\Shared.CrossCutting.csproj", "{2A8B3C4D-5E6F-7890-ABCD-EF1234567890}"
EndProject
Project("{2150E333-8FDC-42A3-9474-1A3956D46DE8}") = "Services", "Services", "{0BFE0701-1C64-40F1-BA80-FCF5D8232F52}"
EndProject
Project("{2150E333-8FDC-42A3-9474-1A3956D46DE8}") = "ContactService", "ContactService", "{74E79A53-EDC7-417A-AC21-9C60C6BC166D}"
EndProject
Project("{2150E333-8FDC-42A3-9474-1A3956D46DE8}") = "ReportService", "ReportService", "{93948378-DC5A-4F14-BF65-9C41072D2C37}"
EndProject
Project("{2150E333-8FDC-42A3-9474-1A3956D46DE8}") = "NotificationService", "NotificationService", "{AA3E5DDE-ED98-448D-AFB5-B18D7380E9A1}"
EndProject
Project("{FAE04EC0-301F-11D3-BF4B-00C04F79EFBC}") = "ContactService.Api", "ContactService.Api\ContactService.Api.csproj", "{E2DF1328-65AD-4683-B429-8110A29B13D0}"
EndProject
Project("{FAE04EC0-301F-11D3-BF4B-00C04F79EFBC}") = "ContactService.ApiContract", "ContactService.ApiContract\ContactService.ApiContract.csproj", "{6B6D68E1-9FA2-41EA-BDB1-CE4FD26F170A}"
EndProject
Project("{FAE04EC0-301F-11D3-BF4B-00C04F79EFBC}") = "ContactService.Domain", "ContactService.Domain\ContactService.Domain.csproj", "{3B3AC656-8DD8-483D-B010-B2DCA82EE2F6}"
EndProject
Project("{2150E333-8FDC-42A3-9474-1A3956D46DE8}") = "Tests", "Tests", "{18738CBE-C6EB-4C38-8068-46E1B90DA086}"
EndProject
Project("{2150E333-8FDC-42A3-9474-1A3956D46DE8}") = "ContactService", "ContactService", "{36B7CC41-0FE8-4A2D-B0E4-5D69188CACF7}"
EndProject
Project("{FAE04EC0-301F-11D3-BF4B-00C04F79EFBC}") = "ContactService.Tests", "ContactService.Tests\ContactService.Tests.csproj", "{A9679B24-0475-4B2A-AFA6-DA4BF6B886AF}"
EndProject
Project("{2150E333-8FDC-42A3-9474-1A3956D46DE8}") = "ReportService", "ReportService", "{E56D299E-F47F-436A-B656-AA410787DDE5}"
EndProject
Project("{FAE04EC0-301F-11D3-BF4B-00C04F79EFBC}") = "ReportService.Tests", "ReportService.Tests\ReportService.Tests.csproj", "{F74ED439-718F-4B84-A87A-90CBF48A03DB}"
EndProject
Project("{2150E333-8FDC-42A3-9474-1A3956D46DE8}") = "NotificationService", "NotificationService", "{7B9C3ACA-EBD7-4AB8-9CAF-024B634CE229}"
EndProject
Project("{FAE04EC0-301F-11D3-BF4B-00C04F79EFBC}") = "ContactService.Infrastructure", "ContactService.Infrastructure\ContactService.Infrastructure.csproj", "{486ACBBC-0AC8-49B5-ABAE-1B4CC00FB905}"
EndProject
Project("{FAE04EC0-301F-11D3-BF4B-00C04F79EFBC}") = "ContactService.Container", "ContactService.Container\ContactService.Container.csproj", "{8D2AAAA5-F29C-473C-9F78-75B3FB4C4379}"
EndProject
Project("{FAE04EC0-301F-11D3-BF4B-00C04F79EFBC}") = "ContactService.ApplicationService", "ContactService.ApplicationService\ContactService.ApplicationService.csproj", "{DB94539E-B117-4765-A405-15FCD03E5458}"
EndProject
Project("{FAE04EC0-301F-11D3-BF4B-00C04F79EFBC}") = "ReportService.Domain", "ReportService.Domain\ReportService.Domain.csproj", "{1C1B823F-BFEE-4A8F-9458-88854D294576}"
EndProject
Project("{FAE04EC0-301F-11D3-BF4B-00C04F79EFBC}") = "ReportService.Infrastructure", "ReportService.Infrastructure\ReportService.Infrastructure.csproj", "{0A7297C9-97C9-4109-92E4-F672576656EB}"
EndProject
Project("{FAE04EC0-301F-11D3-BF4B-00C04F79EFBC}") = "ReportService.ApplicationService", "ReportService.ApplicationService\ReportService.ApplicationService.csproj", "{96CB12C0-4407-42FD-94C4-95F578FB33A7}"
EndProject
Project("{FAE04EC0-301F-11D3-BF4B-00C04F79EFBC}") = "ReportService.ApiContract", "ReportService.ApiContract\ReportService.ApiContract.csproj", "{0577CC5D-DC5D-4736-ADCB-9FE305965C08}"
EndProject
Project("{FAE04EC0-301F-11D3-BF4B-00C04F79EFBC}") = "NotificationService.Api", "NotificationService.Api\NotificationService.Api.csproj", "{C2F058D2-B03D-4CC7-8348-46904A66C1E8}"
EndProject
Project("{FAE04EC0-301F-11D3-BF4B-00C04F79EFBC}") = "NotificationService.ApiContract", "NotificationService.ApiContract\NotificationService.ApiContract.csproj", "{1A765C5D-60FF-4CA6-AD9E-6C1F42A1A311}"
EndProject
Project("{FAE04EC0-301F-11D3-BF4B-00C04F79EFBC}") = "NotificationService.ApplicationService", "NotificationService.ApplicationService\NotificationService.ApplicationService.csproj", "{07421C9F-9D5A-408A-9A79-43C38105DA0D}"
EndProject
Project("{FAE04EC0-301F-11D3-BF4B-00C04F79EFBC}") = "NotificationService.Container", "NotificationService.Container\NotificationService.Container.csproj", "{1990A108-DCC6-463B-935C-FC905EED434E}"
EndProject
Project("{FAE04EC0-301F-11D3-BF4B-00C04F79EFBC}") = "NotificationService.Domain", "NotificationService.Domain\NotificationService.Domain.csproj", "{C41D50A4-7C14-4679-963E-1F6CC1DBB3D0}"
EndProject
Project("{FAE04EC0-301F-11D3-BF4B-00C04F79EFBC}") = "NotificationService.Infrastructure", "NotificationService.Infrastructure\NotificationService.Infrastructure.csproj", "{2D379F9A-71FC-4ABB-B3D4-B690A89E5A32}"
EndProject
Project("{FAE04EC0-301F-11D3-BF4B-00C04F79EFBC}") = "ReportService.Container", "ReportService.Container\ReportService.Container.csproj", "{3203B66E-BFB1-45FF-8DE6-73C0264077E7}"
EndProject
Project("{FAE04EC0-301F-11D3-BF4B-00C04F79EFBC}") = "NotificationService.Tests", "NotificationService.Tests\NotificationService.Tests.csproj", "{75F775E0-E383-4757-914D-E572177C6D1C}"
EndProject
Project("{FAE04EC0-301F-11D3-BF4B-00C04F79EFBC}") = "ReportService.Api", "ReportService.Api\ReportService.Api.csproj", "{1F36F6F9-D8D8-4A1D-8C83-B68E69F07394}"
EndProject
Global
	GlobalSection(SolutionConfigurationPlatforms) = preSolution
		Debug|Any CPU = Debug|Any CPU
		Release|Any CPU = Release|Any CPU
	EndGlobalSection
	GlobalSection(ProjectConfigurationPlatforms) = postSolution
		{2A8B3C4D-5E6F-7890-ABCD-EF1234567890}.Debug|Any CPU.ActiveCfg = Debug|Any CPU
		{2A8B3C4D-5E6F-7890-ABCD-EF1234567890}.Debug|Any CPU.Build.0 = Debug|Any CPU
		{2A8B3C4D-5E6F-7890-ABCD-EF1234567890}.Release|Any CPU.ActiveCfg = Release|Any CPU
		{2A8B3C4D-5E6F-7890-ABCD-EF1234567890}.Release|Any CPU.Build.0 = Release|Any CPU
		{E2DF1328-65AD-4683-B429-8110A29B13D0}.Debug|Any CPU.ActiveCfg = Debug|Any CPU
		{E2DF1328-65AD-4683-B429-8110A29B13D0}.Debug|Any CPU.Build.0 = Debug|Any CPU
		{E2DF1328-65AD-4683-B429-8110A29B13D0}.Release|Any CPU.ActiveCfg = Release|Any CPU
		{E2DF1328-65AD-4683-B429-8110A29B13D0}.Release|Any CPU.Build.0 = Release|Any CPU
		{6B6D68E1-9FA2-41EA-BDB1-CE4FD26F170A}.Debug|Any CPU.ActiveCfg = Debug|Any CPU
		{6B6D68E1-9FA2-41EA-BDB1-CE4FD26F170A}.Debug|Any CPU.Build.0 = Debug|Any CPU
		{6B6D68E1-9FA2-41EA-BDB1-CE4FD26F170A}.Release|Any CPU.ActiveCfg = Release|Any CPU
		{6B6D68E1-9FA2-41EA-BDB1-CE4FD26F170A}.Release|Any CPU.Build.0 = Release|Any CPU
		{3B3AC656-8DD8-483D-B010-B2DCA82EE2F6}.Debug|Any CPU.ActiveCfg = Debug|Any CPU
		{3B3AC656-8DD8-483D-B010-B2DCA82EE2F6}.Debug|Any CPU.Build.0 = Debug|Any CPU
		{3B3AC656-8DD8-483D-B010-B2DCA82EE2F6}.Release|Any CPU.ActiveCfg = Release|Any CPU
		{3B3AC656-8DD8-483D-B010-B2DCA82EE2F6}.Release|Any CPU.Build.0 = Release|Any CPU
		{A9679B24-0475-4B2A-AFA6-DA4BF6B886AF}.Debug|Any CPU.ActiveCfg = Debug|Any CPU
		{A9679B24-0475-4B2A-AFA6-DA4BF6B886AF}.Debug|Any CPU.Build.0 = Debug|Any CPU
		{A9679B24-0475-4B2A-AFA6-DA4BF6B886AF}.Release|Any CPU.ActiveCfg = Release|Any CPU
		{A9679B24-0475-4B2A-AFA6-DA4BF6B886AF}.Release|Any CPU.Build.0 = Release|Any CPU
		{F74ED439-718F-4B84-A87A-90CBF48A03DB}.Debug|Any CPU.ActiveCfg = Debug|Any CPU
		{F74ED439-718F-4B84-A87A-90CBF48A03DB}.Debug|Any CPU.Build.0 = Debug|Any CPU
		{F74ED439-718F-4B84-A87A-90CBF48A03DB}.Release|Any CPU.ActiveCfg = Release|Any CPU
		{F74ED439-718F-4B84-A87A-90CBF48A03DB}.Release|Any CPU.Build.0 = Release|Any CPU
		{486ACBBC-0AC8-49B5-ABAE-1B4CC00FB905}.Debug|Any CPU.ActiveCfg = Debug|Any CPU
		{486ACBBC-0AC8-49B5-ABAE-1B4CC00FB905}.Debug|Any CPU.Build.0 = Debug|Any CPU
		{486ACBBC-0AC8-49B5-ABAE-1B4CC00FB905}.Release|Any CPU.ActiveCfg = Release|Any CPU
		{486ACBBC-0AC8-49B5-ABAE-1B4CC00FB905}.Release|Any CPU.Build.0 = Release|Any CPU
		{8D2AAAA5-F29C-473C-9F78-75B3FB4C4379}.Debug|Any CPU.ActiveCfg = Debug|Any CPU
		{8D2AAAA5-F29C-473C-9F78-75B3FB4C4379}.Debug|Any CPU.Build.0 = Debug|Any CPU
		{8D2AAAA5-F29C-473C-9F78-75B3FB4C4379}.Release|Any CPU.ActiveCfg = Release|Any CPU
		{8D2AAAA5-F29C-473C-9F78-75B3FB4C4379}.Release|Any CPU.Build.0 = Release|Any CPU
		{DB94539E-B117-4765-A405-15FCD03E5458}.Debug|Any CPU.ActiveCfg = Debug|Any CPU
		{DB94539E-B117-4765-A405-15FCD03E5458}.Debug|Any CPU.Build.0 = Debug|Any CPU
		{DB94539E-B117-4765-A405-15FCD03E5458}.Release|Any CPU.ActiveCfg = Release|Any CPU
		{DB94539E-B117-4765-A405-15FCD03E5458}.Release|Any CPU.Build.0 = Release|Any CPU
		{1C1B823F-BFEE-4A8F-9458-88854D294576}.Debug|Any CPU.ActiveCfg = Debug|Any CPU
		{1C1B823F-BFEE-4A8F-9458-88854D294576}.Debug|Any CPU.Build.0 = Debug|Any CPU
		{1C1B823F-BFEE-4A8F-9458-88854D294576}.Release|Any CPU.ActiveCfg = Release|Any CPU
		{1C1B823F-BFEE-4A8F-9458-88854D294576}.Release|Any CPU.Build.0 = Release|Any CPU
		{0A7297C9-97C9-4109-92E4-F672576656EB}.Debug|Any CPU.ActiveCfg = Debug|Any CPU
		{0A7297C9-97C9-4109-92E4-F672576656EB}.Debug|Any CPU.Build.0 = Debug|Any CPU
		{0A7297C9-97C9-4109-92E4-F672576656EB}.Release|Any CPU.ActiveCfg = Release|Any CPU
		{0A7297C9-97C9-4109-92E4-F672576656EB}.Release|Any CPU.Build.0 = Release|Any CPU
		{96CB12C0-4407-42FD-94C4-95F578FB33A7}.Debug|Any CPU.ActiveCfg = Debug|Any CPU
		{96CB12C0-4407-42FD-94C4-95F578FB33A7}.Debug|Any CPU.Build.0 = Debug|Any CPU
		{96CB12C0-4407-42FD-94C4-95F578FB33A7}.Release|Any CPU.ActiveCfg = Release|Any CPU
		{96CB12C0-4407-42FD-94C4-95F578FB33A7}.Release|Any CPU.Build.0 = Release|Any CPU
		{0577CC5D-DC5D-4736-ADCB-9FE305965C08}.Debug|Any CPU.ActiveCfg = Debug|Any CPU
		{0577CC5D-DC5D-4736-ADCB-9FE305965C08}.Debug|Any CPU.Build.0 = Debug|Any CPU
		{0577CC5D-DC5D-4736-ADCB-9FE305965C08}.Release|Any CPU.ActiveCfg = Release|Any CPU
		{0577CC5D-DC5D-4736-ADCB-9FE305965C08}.Release|Any CPU.Build.0 = Release|Any CPU
		{C2F058D2-B03D-4CC7-8348-46904A66C1E8}.Debug|Any CPU.ActiveCfg = Debug|Any CPU
		{C2F058D2-B03D-4CC7-8348-46904A66C1E8}.Debug|Any CPU.Build.0 = Debug|Any CPU
		{C2F058D2-B03D-4CC7-8348-46904A66C1E8}.Release|Any CPU.ActiveCfg = Release|Any CPU
		{C2F058D2-B03D-4CC7-8348-46904A66C1E8}.Release|Any CPU.Build.0 = Release|Any CPU
		{1A765C5D-60FF-4CA6-AD9E-6C1F42A1A311}.Debug|Any CPU.ActiveCfg = Debug|Any CPU
		{1A765C5D-60FF-4CA6-AD9E-6C1F42A1A311}.Debug|Any CPU.Build.0 = Debug|Any CPU
		{1A765C5D-60FF-4CA6-AD9E-6C1F42A1A311}.Release|Any CPU.ActiveCfg = Release|Any CPU
		{1A765C5D-60FF-4CA6-AD9E-6C1F42A1A311}.Release|Any CPU.Build.0 = Release|Any CPU
		{07421C9F-9D5A-408A-9A79-43C38105DA0D}.Debug|Any CPU.ActiveCfg = Debug|Any CPU
		{07421C9F-9D5A-408A-9A79-43C38105DA0D}.Debug|Any CPU.Build.0 = Debug|Any CPU
		{07421C9F-9D5A-408A-9A79-43C38105DA0D}.Release|Any CPU.ActiveCfg = Release|Any CPU
		{07421C9F-9D5A-408A-9A79-43C38105DA0D}.Release|Any CPU.Build.0 = Release|Any CPU
		{1990A108-DCC6-463B-935C-FC905EED434E}.Debug|Any CPU.ActiveCfg = Debug|Any CPU
		{1990A108-DCC6-463B-935C-FC905EED434E}.Debug|Any CPU.Build.0 = Debug|Any CPU
		{1990A108-DCC6-463B-935C-FC905EED434E}.Release|Any CPU.ActiveCfg = Release|Any CPU
		{1990A108-DCC6-463B-935C-FC905EED434E}.Release|Any CPU.Build.0 = Release|Any CPU
		{C41D50A4-7C14-4679-963E-1F6CC1DBB3D0}.Debug|Any CPU.ActiveCfg = Debug|Any CPU
		{C41D50A4-7C14-4679-963E-1F6CC1DBB3D0}.Debug|Any CPU.Build.0 = Debug|Any CPU
		{C41D50A4-7C14-4679-963E-1F6CC1DBB3D0}.Release|Any CPU.ActiveCfg = Release|Any CPU
		{C41D50A4-7C14-4679-963E-1F6CC1DBB3D0}.Release|Any CPU.Build.0 = Release|Any CPU
		{2D379F9A-71FC-4ABB-B3D4-B690A89E5A32}.Debug|Any CPU.ActiveCfg = Debug|Any CPU
		{2D379F9A-71FC-4ABB-B3D4-B690A89E5A32}.Debug|Any CPU.Build.0 = Debug|Any CPU
		{2D379F9A-71FC-4ABB-B3D4-B690A89E5A32}.Release|Any CPU.ActiveCfg = Release|Any CPU
		{2D379F9A-71FC-4ABB-B3D4-B690A89E5A32}.Release|Any CPU.Build.0 = Release|Any CPU
		{3203B66E-BFB1-45FF-8DE6-73C0264077E7}.Debug|Any CPU.ActiveCfg = Debug|Any CPU
		{3203B66E-BFB1-45FF-8DE6-73C0264077E7}.Debug|Any CPU.Build.0 = Debug|Any CPU
		{3203B66E-BFB1-45FF-8DE6-73C0264077E7}.Release|Any CPU.ActiveCfg = Release|Any CPU
		{3203B66E-BFB1-45FF-8DE6-73C0264077E7}.Release|Any CPU.Build.0 = Release|Any CPU
		{75F775E0-E383-4757-914D-E572177C6D1C}.Debug|Any CPU.ActiveCfg = Debug|Any CPU
		{75F775E0-E383-4757-914D-E572177C6D1C}.Debug|Any CPU.Build.0 = Debug|Any CPU
		{75F775E0-E383-4757-914D-E572177C6D1C}.Release|Any CPU.ActiveCfg = Release|Any CPU
		{75F775E0-E383-4757-914D-E572177C6D1C}.Release|Any CPU.Build.0 = Release|Any CPU
		{1F36F6F9-D8D8-4A1D-8C83-B68E69F07394}.Debug|Any CPU.ActiveCfg = Debug|Any CPU
		{1F36F6F9-D8D8-4A1D-8C83-B68E69F07394}.Debug|Any CPU.Build.0 = Debug|Any CPU
		{1F36F6F9-D8D8-4A1D-8C83-B68E69F07394}.Release|Any CPU.ActiveCfg = Release|Any CPU
		{1F36F6F9-D8D8-4A1D-8C83-B68E69F07394}.Release|Any CPU.Build.0 = Release|Any CPU
	EndGlobalSection
	GlobalSection(NestedProjects) = preSolution
		{5E8F9D2A-1C64-40F1-BA80-FCF5D8232F53} = {2B6C1FB1-6D95-403B-B011-AC66AE36C49C}
		{2A8B3C4D-5E6F-7890-ABCD-EF1234567890} = {5E8F9D2A-1C64-40F1-BA80-FCF5D8232F53}
		{0BFE0701-1C64-40F1-BA80-FCF5D8232F52} = {2B6C1FB1-6D95-403B-B011-AC66AE36C49C}
		{74E79A53-EDC7-417A-AC21-9C60C6BC166D} = {0BFE0701-1C64-40F1-BA80-FCF5D8232F52}
		{93948378-DC5A-4F14-BF65-9C41072D2C37} = {0BFE0701-1C64-40F1-BA80-FCF5D8232F52}
		{AA3E5DDE-ED98-448D-AFB5-B18D7380E9A1} = {0BFE0701-1C64-40F1-BA80-FCF5D8232F52}
		{E2DF1328-65AD-4683-B429-8110A29B13D0} = {74E79A53-EDC7-417A-AC21-9C60C6BC166D}
		{6B6D68E1-9FA2-41EA-BDB1-CE4FD26F170A} = {74E79A53-EDC7-417A-AC21-9C60C6BC166D}
		{3B3AC656-8DD8-483D-B010-B2DCA82EE2F6} = {74E79A53-EDC7-417A-AC21-9C60C6BC166D}
		{36B7CC41-0FE8-4A2D-B0E4-5D69188CACF7} = {18738CBE-C6EB-4C38-8068-46E1B90DA086}
		{A9679B24-0475-4B2A-AFA6-DA4BF6B886AF} = {36B7CC41-0FE8-4A2D-B0E4-5D69188CACF7}
		{E56D299E-F47F-436A-B656-AA410787DDE5} = {18738CBE-C6EB-4C38-8068-46E1B90DA086}
		{F74ED439-718F-4B84-A87A-90CBF48A03DB} = {E56D299E-F47F-436A-B656-AA410787DDE5}
		{7B9C3ACA-EBD7-4AB8-9CAF-024B634CE229} = {18738CBE-C6EB-4C38-8068-46E1B90DA086}
		{486ACBBC-0AC8-49B5-ABAE-1B4CC00FB905} = {74E79A53-EDC7-417A-AC21-9C60C6BC166D}
		{8D2AAAA5-F29C-473C-9F78-75B3FB4C4379} = {74E79A53-EDC7-417A-AC21-9C60C6BC166D}
		{DB94539E-B117-4765-A405-15FCD03E5458} = {74E79A53-EDC7-417A-AC21-9C60C6BC166D}
		{1C1B823F-BFEE-4A8F-9458-88854D294576} = {93948378-DC5A-4F14-BF65-9C41072D2C37}
		{0A7297C9-97C9-4109-92E4-F672576656EB} = {93948378-DC5A-4F14-BF65-9C41072D2C37}
		{96CB12C0-4407-42FD-94C4-95F578FB33A7} = {93948378-DC5A-4F14-BF65-9C41072D2C37}
		{0577CC5D-DC5D-4736-ADCB-9FE305965C08} = {93948378-DC5A-4F14-BF65-9C41072D2C37}
		{C2F058D2-B03D-4CC7-8348-46904A66C1E8} = {AA3E5DDE-ED98-448D-AFB5-B18D7380E9A1}
		{1A765C5D-60FF-4CA6-AD9E-6C1F42A1A311} = {AA3E5DDE-ED98-448D-AFB5-B18D7380E9A1}
		{07421C9F-9D5A-408A-9A79-43C38105DA0D} = {AA3E5DDE-ED98-448D-AFB5-B18D7380E9A1}
		{1990A108-DCC6-463B-935C-FC905EED434E} = {AA3E5DDE-ED98-448D-AFB5-B18D7380E9A1}
		{C41D50A4-7C14-4679-963E-1F6CC1DBB3D0} = {AA3E5DDE-ED98-448D-AFB5-B18D7380E9A1}
		{2D379F9A-71FC-4ABB-B3D4-B690A89E5A32} = {AA3E5DDE-ED98-448D-AFB5-B18D7380E9A1}
		{3203B66E-BFB1-45FF-8DE6-73C0264077E7} = {93948378-DC5A-4F14-BF65-9C41072D2C37}
		{75F775E0-E383-4757-914D-E572177C6D1C} = {7B9C3ACA-EBD7-4AB8-9CAF-024B634CE229}
		{1F36F6F9-D8D8-4A1D-8C83-B68E69F07394} = {93948378-DC5A-4F14-BF65-9C41072D2C37}
	EndGlobalSection
EndGlobal
